version = 1
revision = 3
requires-python = ">=3.11"

[[package]]
name = "pypdf"
version = "6.4.0"
source = { registry = "https://pypi.org/simple" }
sdist = { url = "https://files.pythonhosted.org/packages/f3/01/f7510cc6124f494cfbec2e8d3c2e1a20d4f6c18622b0c03a3a70e968bacb/pypdf-6.4.0.tar.gz", hash = "sha256:4769d471f8ddc3341193ecc5d6560fa44cf8cd0abfabf21af4e195cc0c224072", size = 5276661, upload-time = "2025-11-23T14:04:43.185Z" }
wheels = [
    { url = "https://files.pythonhosted.org/packages/cd/f2/9c9429411c91ac1dd5cd66780f22b6df20c64c3646cdd1e6d67cf38579c4/pypdf-6.4.0-py3-none-any.whl", hash = "sha256:55ab9837ed97fd7fcc5c131d52fcc2223bc5c6b8a1488bbf7c0e27f1f0023a79", size = 329497, upload-time = "2025-11-23T14:04:41.448Z" },
]

[[package]]
name = "scripts"
version = "0.1.0"
source = { virtual = "." }
dependencies = [
    { name = "pypdf" },
]

[package.metadata]
requires-dist = [{ name = "pypdf", specifier = ">=6.4.0" }]
